// !$*UTF8*$!
{
	archiveVersion = 1;
	classes = {
	};
	objectVersion = 46;
	objects = {

/* Begin PBXBuildFile section */
		1C8D37EF1A4F691E0074C3DE /* AppDelegate.swift in Sources */ = {isa = PBXBuildFile; fileRef = 1C8D37EE1A4F691E0074C3DE /* AppDelegate.swift */; };
		1C8D37F11A4F691E0074C3DE /* ViewController.swift in Sources */ = {isa = PBXBuildFile; fileRef = 1C8D37F01A4F691E0074C3DE /* ViewController.swift */; };
		1C8D37F41A4F691E0074C3DE /* Main.storyboard in Resources */ = {isa = PBXBuildFile; fileRef = 1C8D37F21A4F691E0074C3DE /* Main.storyboard */; };
		1C8D37F61A4F691E0074C3DE /* Images.xcassets in Resources */ = {isa = PBXBuildFile; fileRef = 1C8D37F51A4F691E0074C3DE /* Images.xcassets */; };
		1C8D37F91A4F691E0074C3DE /* LaunchScreen.xib in Resources */ = {isa = PBXBuildFile; fileRef = 1C8D37F71A4F691E0074C3DE /* LaunchScreen.xib */; };
		1C8D38051A4F691E0074C3DE /* Exemplo_tabelaTests.swift in Sources */ = {isa = PBXBuildFile; fileRef = 1C8D38041A4F691E0074C3DE /* Exemplo_tabelaTests.swift */; };
/* End PBXBuildFile section */

/* Begin PBXContainerItemProxy section */
		1C8D37FF1A4F691E0074C3DE /* PBXContainerItemProxy */ = {
			isa = PBXContainerItemProxy;
			containerPortal = 1C8D37E11A4F691E0074C3DE /* Project object */;
			proxyType = 1;
			remoteGlobalIDString = 1C8D37E81A4F691E0074C3DE;
			remoteInfo = "Exemplo-tabela";
		};
/* End PBXContainerItemProxy section */

/* Begin PBXFileReference section */
		1C8D37E91A4F691E0074C3DE /* Exemplo-tabela.app */ = {isa = PBXFileReference; explicitFileType = wrapper.application; includeInIndex = 0; path = "Exemplo-tabela.app"; sourceTree = BUILT_PRODUCTS_DIR; };
		1C8D37ED1A4F691E0074C3DE /* Info.plist */ = {isa = PBXFileReference; lastKnownFileType = text.plist.xml; path = Info.plist; sourceTree = "<group>"; };
		1C8D37EE1A4F691E0074C3DE /* AppDelegate.swift */ = {isa = PBXFileReference; lastKnownFileType = sourcecode.swift; path = AppDelegate.swift; sourceTree = "<group>"; };
		1C8D37F01A4F691E0074C3DE /* ViewController.swift */ = {isa = PBXFileReference; lastKnownFileType = sourcecode.swift; path = ViewController.swift; sourceTree = "<group>"; };
		1C8D37F31A4F691E0074C3DE /* Base */ = {isa = PBXFileReference; lastKnownFileType = file.storyboard; name = Base; path = Base.lproj/Main.storyboard; sourceTree = "<group>"; };
		1C8D37F51A4F691E0074C3DE /* Images.xcassets */ = {isa = PBXFileReference; lastKnownFileType = folder.assetcatalog; path = Images.xcassets; sourceTree = "<group>"; };
		1C8D37F81A4F691E0074C3DE /* Base */ = {isa = PBXFileReference; lastKnownFileType = file.xib; name = Base; path = Base.lproj/LaunchScreen.xib; sourceTree = "<group>"; };
		1C8D37FE1A4F691E0074C3DE /* Exemplo-tabelaTests.xctest */ = {isa = PBXFileReference; explicitFileType = wrapper.cfbundle; includeInIndex = 0; path = "Exemplo-tabelaTests.xctest"; sourceTree = BUILT_PRODUCTS_DIR; };
		1C8D38031A4F691E0074C3DE /* Info.plist */ = {isa = PBXFileReference; lastKnownFileType = text.plist.xml; path = Info.plist; sourceTree = "<group>"; };
		1C8D38041A4F691E0074C3DE /* Exemplo_tabelaTests.swift */ = {isa = PBXFileReference; lastKnownFileType = sourcecode.swift; path = Exemplo_tabelaTests.swift; sourceTree = "<group>"; };
/* End PBXFileReference section */

/* Begin PBXFrameworksBuildPhase section */
		1C8D37E61A4F691E0074C3DE /* Frameworks */ = {
			isa = PBXFrameworksBuildPhase;
			buildActionMask = 2147483647;
			files = (
			);
			runOnlyForDeploymentPostprocessing = 0;
		};
		1C8D37FB1A4F691E0074C3DE /* Frameworks */ = {
			isa = PBXFrameworksBuildPhase;
			buildActionMask = 2147483647;
			files = (
			);
			runOnlyForDeploymentPostprocessing = 0;
		};
/* End PBXFrameworksBuildPhase section */

/* Begin PBXGroup section */
		1C8D37E01A4F691E0074C3DE = {
			isa = PBXGroup;
			children = (
				1C8D37EB1A4F691E0074C3DE /* Exemplo-tabela */,
				1C8D38011A4F691E0074C3DE /* Exemplo-tabelaTests */,
				1C8D37EA1A4F691E0074C3DE /* Products */,
			);
			sourceTree = "<group>";
		};
		1C8D37EA1A4F691E0074C3DE /* Products */ = {
			isa = PBXGroup;
			children = (
				1C8D37E91A4F691E0074C3DE /* Exemplo-tabela.app */,
				1C8D37FE1A4F691E0074C3DE /* Exemplo-tabelaTests.xctest */,
			);
			name = Products;
			sourceTree = "<group>";
		};
		1C8D37EB1A4F691E0074C3DE /* Exemplo-tabela */ = {
			isa = PBXGroup;
			children = (
				1C8D37EE1A4F691E0074C3DE /* AppDelegate.swift */,
				1C8D37F01A4F691E0074C3DE /* ViewController.swift */,
				1C8D37F21A4F691E0074C3DE /* Main.storyboard */,
				1C8D37F51A4F691E0074C3DE /* Images.xcassets */,
				1C8D37F71A4F691E0074C3DE /* LaunchScreen.xib */,
				1C8D37EC1A4F691E0074C3DE /* Supporting Files */,
			);
			path = "Exemplo-tabela";
			sourceTree = "<group>";
		};
		1C8D37EC1A4F691E0074C3DE /* Supporting Files */ = {
			isa = PBXGroup;
			children = (
				1C8D37ED1A4F691E0074C3DE /* Info.plist */,
			);
			name = "Supporting Files";
			sourceTree = "<group>";
		};
		1C8D38011A4F691E0074C3DE /* Exemplo-tabelaTests */ = {
			isa = PBXGroup;
			children = (
				1C8D38041A4F691E0074C3DE /* Exemplo_tabelaTests.swift */,
				1C8D38021A4F691E0074C3DE /* Supporting Files */,
			);
			path = "Exemplo-tabelaTests";
			sourceTree = "<group>";
		};
		1C8D38021A4F691E0074C3DE /* Supporting Files */ = {
			isa = PBXGroup;
			children = (
				1C8D38031A4F691E0074C3DE /* Info.plist */,
			);
			name = "Supporting Files";
			sourceTree = "<group>";
		};
/* End PBXGroup section */

/* Begin PBXNativeTarget section */
		1C8D37E81A4F691E0074C3DE /* Exemplo-tabela */ = {
			isa = PBXNativeTarget;
			buildConfigurationList = 1C8D38081A4F691E0074C3DE /* Build configuration list for PBXNativeTarget "Exemplo-tabela" */;
			buildPhases = (
				1C8D37E51A4F691E0074C3DE /* Sources */,
				1C8D37E61A4F691E0074C3DE /* Frameworks */,
				1C8D37E71A4F691E0074C3DE /* Resources */,
			);
			buildRules = (
			);
			dependencies = (
			);
			name = "Exemplo-tabela";
			productName = "Exemplo-tabela";
			productReference = 1C8D37E91A4F691E0074C3DE /* Exemplo-tabela.app */;
			productType = "com.apple.product-type.application";
		};
		1C8D37FD1A4F691E0074C3DE /* Exemplo-tabelaTests */ = {
			isa = PBXNativeTarget;
			buildConfigurationList = 1C8D380B1A4F691E0074C3DE /* Build configuration list for PBXNativeTarget "Exemplo-tabelaTests" */;
			buildPhases = (
				1C8D37FA1A4F691E0074C3DE /* Sources */,
				1C8D37FB1A4F691E0074C3DE /* Frameworks */,
				1C8D37FC1A4F691E0074C3DE /* Resources */,
			);
			buildRules = (
			);
			dependencies = (
				1C8D38001A4F691E0074C3DE /* PBXTargetDependency */,
			);
			name = "Exemplo-tabelaTests";
			productName = "Exemplo-tabelaTests";
			productReference = 1C8D37FE1A4F691E0074C3DE /* Exemplo-tabelaTests.xctest */;
			productType = "com.apple.product-type.bundle.unit-test";
		};
/* End PBXNativeTarget section */

/* Begin PBXProject section */
		1C8D37E11A4F691E0074C3DE /* Project object */ = {
			isa = PBXProject;
			attributes = {
				LastUpgradeCheck = 0610;
				ORGANIZATIONNAME = Alura;
				TargetAttributes = {
					1C8D37E81A4F691E0074C3DE = {
						CreatedOnToolsVersion = 6.1.1;
					};
					1C8D37FD1A4F691E0074C3DE = {
						CreatedOnToolsVersion = 6.1.1;
						TestTargetID = 1C8D37E81A4F691E0074C3DE;
					};
				};
			};
			buildConfigurationList = 1C8D37E41A4F691E0074C3DE /* Build configuration list for PBXProject "Exemplo-tabela" */;
			compatibilityVersion = "Xcode 3.2";
			developmentRegion = English;
			hasScannedForEncodings = 0;
			knownRegions = (
				en,
				Base,
			);
			mainGroup = 1C8D37E01A4F691E0074C3DE;
			productRefGroup = 1C8D37EA1A4F691E0074C3DE /* Products */;
			projectDirPath = "";
			projectRoot = "";
			targets = (
				1C8D37E81A4F691E0074C3DE /* Exemplo-tabela */,
				1C8D37FD1A4F691E0074C3DE /* Exemplo-tabelaTests */,
			);
		};
/* End PBXProject section */

/* Begin PBXResourcesBuildPhase section */
		1C8D37E71A4F691E0074C3DE /* Resources */ = {
			isa = PBXResourcesBuildPhase;
			buildActionMask = 2147483647;
			files = (
				1C8D37F41A4F691E0074C3DE /* Main.storyboard in Resources */,
				1C8D37F91A4F691E0074C3DE /* LaunchScreen.xib in Resources */,
				1C8D37F61A4F691E0074C3DE /* Images.xcassets in Resources */,
			);
			runOnlyForDeploymentPostprocessing = 0;
		};
		1C8D37FC1A4F691E0074C3DE /* Resources */ = {
			isa = PBXResourcesBuildPhase;
			buildActionMask = 2147483647;
			files = (
			);
			runOnlyForDeploymentPostprocessing = 0;
		};
/* End PBXResourcesBuildPhase section */

/* Begin PBXSourcesBuildPhase section */
		1C8D37E51A4F691E0074C3DE /* Sources */ = {
			isa = PBXSourcesBuildPhase;
			buildActionMask = 2147483647;
			files = (
				1C8D37F11A4F691E0074C3DE /* ViewController.swift in Sources */,
				1C8D37EF1A4F691E0074C3DE /* AppDelegate.swift in Sources */,
			);
			runOnlyForDeploymentPostprocessing = 0;
		};
		1C8D37FA1A4F691E0074C3DE /* Sources */ = {
			isa = PBXSourcesBuildPhase;
			buildActionMask = 2147483647;
			files = (
				1C8D38051A4F691E0074C3DE /* Exemplo_tabelaTests.swift in Sources */,
			);
			runOnlyForDeploymentPostprocessing = 0;
		};
/* End PBXSourcesBuildPhase section */

/* Begin PBXTargetDependency section */
		1C8D38001A4F691E0074C3DE /* PBXTargetDependency */ = {
			isa = PBXTargetDependency;
			target = 1C8D37E81A4F691E0074C3DE /* Exemplo-tabela */;
			targetProxy = 1C8D37FF1A4F691E0074C3DE /* PBXContainerItemProxy */;
		};
/* End PBXTargetDependency section */

/* Begin PBXVariantGroup section */
		1C8D37F21A4F691E0074C3DE /* Main.storyboard */ = {
			isa = PBXVariantGroup;
			children = (
				1C8D37F31A4F691E0074C3DE /* Base */,
			);
			name = Main.storyboard;
			sourceTree = "<group>";
		};
		1C8D37F71A4F691E0074C3DE /* LaunchScreen.xib */ = {
			isa = PBXVariantGroup;
			children = (
				1C8D37F81A4F691E0074C3DE /* Base */,
			);
			name = LaunchScreen.xib;
			sourceTree = "<group>";
		};
/* End PBXVariantGroup section */

/* Begin XCBuildConfiguration section */
		1C8D38061A4F691E0074C3DE /* Debug */ = {
			isa = XCBuildConfiguration;
			buildSettings = {
				ALWAYS_SEARCH_USER_PATHS = NO;
				CLANG_CXX_LANGUAGE_STANDARD = "gnu++0x";
				CLANG_CXX_LIBRARY = "libc++";
				CLANG_ENABLE_MODULES = YES;
				CLANG_ENABLE_OBJC_ARC = YES;
				CLANG_WARN_BOOL_CONVERSION = YES;
				CLANG_WARN_CONSTANT_CONVERSION = YES;
				CLANG_WARN_DIRECT_OBJC_ISA_USAGE = YES_ERROR;
				CLANG_WARN_EMPTY_BODY = YES;
				CLANG_WARN_ENUM_CONVERSION = YES;
				CLANG_WARN_INT_CONVERSION = YES;
				CLANG_WARN_OBJC_ROOT_CLASS = YES_ERROR;
				CLANG_WARN_UNREACHABLE_CODE = YES;
				CLANG_WARN__DUPLICATE_METHOD_MATCH = YES;
				"CODE_SIGN_IDENTITY[sdk=iphoneos*]" = "iPhone Developer";
				COPY_PHASE_STRIP = NO;
				ENABLE_STRICT_OBJC_MSGSEND = YES;
				GCC_C_LANGUAGE_STANDARD = gnu99;
				GCC_DYNAMIC_NO_PIC = NO;
				GCC_OPTIMIZATION_LEVEL = 0;
				GCC_PREPROCESSOR_DEFINITIONS = (
					"DEBUG=1",
					"$(inherited)",
				);
				GCC_SYMBOLS_PRIVATE_EXTERN = NO;
				GCC_WARN_64_TO_32_BIT_CONVERSION = YES;
				GCC_WARN_ABOUT_RETURN_TYPE = YES_ERROR;
				GCC_WARN_UNDECLARED_SELECTOR = YES;
				GCC_WARN_UNINITIALIZED_AUTOS = YES_AGGRESSIVE;
				GCC_WARN_UNUSED_FUNCTION = YES;
				GCC_WARN_UNUSED_VARIABLE = YES;
				IPHONEOS_DEPLOYMENT_TARGET = 8.1;
				MTL_ENABLE_DEBUG_INFO = YES;
				ONLY_ACTIVE_ARCH = YES;
				SDKROOT = iphoneos;
				SWIFT_OPTIMIZATION_LEVEL = "-Onone";
			};
			name = Debug;
		};
		1C8D38071A4F691E0074C3DE /* Release */ = {
			isa = XCBuildConfiguration;
			buildSettings = {
				ALWAYS_SEARCH_USER_PATHS = NO;
				CLANG_CXX_LANGUAGE_STANDARD = "gnu++0x";
				CLANG_CXX_LIBRARY = "libc++";
				CLANG_ENABLE_MODULES = YES;
				CLANG_ENABLE_OBJC_ARC = YES;
				CLANG_WARN_BOOL_CONVERSION = YES;
				CLANG_WARN_CONSTANT_CONVERSION = YES;
				CLANG_WARN_DIRECT_OBJC_ISA_USAGE = YES_ERROR;
				CLANG_WARN_EMPTY_BODY = YES;
				CLANG_WARN_ENUM_CONVERSION = YES;
				CLANG_WARN_INT_CONVERSION = YES;
				CLANG_WARN_OBJC_ROOT_CLASS = YES_ERROR;
				CLANG_WARN_UNREACHABLE_CODE = YES;
				CLANG_WARN__DUPLICATE_METHOD_MATCH = YES;
				"CODE_SIGN_IDENTITY[sdk=iphoneos*]" = "iPhone Developer";
				COPY_PHASE_STRIP = YES;
				ENABLE_NS_ASSERTIONS = NO;
				ENABLE_STRICT_OBJC_MSGSEND = YES;
				GCC_C_LANGUAGE_STANDARD = gnu99;
				GCC_WARN_64_TO_32_BIT_CONVERSION = YES;
				GCC_WARN_ABOUT_RETURN_TYPE = YES_ERROR;
				GCC_WARN_UNDECLARED_SELECTOR = YES;
				GCC_WARN_UNINITIALIZED_AUTOS = YES_AGGRESSIVE;
				GCC_WARN_UNUSED_FUNCTION = YES;
				GCC_WARN_UNUSED_VARIABLE = YES;
				IPHONEOS_DEPLOYMENT_TARGET = 8.1;
				MTL_ENABLE_DEBUG_INFO = NO;
				SDKROOT = iphoneos;
				VALIDATE_PRODUCT = YES;
			};
			name = Release;
		};
		1C8D38091A4F691E0074C3DE /* Debug */ = {
			isa = XCBuildConfiguration;
			buildSettings = {
				ASSETCATALOG_COMPILER_APPICON_NAME = AppIcon;
				INFOPLIST_FILE = "Exemplo-tabela/Info.plist";
				LD_RUNPATH_SEARCH_PATHS = "$(inherited) @executable_path/Frameworks";
				PRODUCT_NAME = "$(TARGET_NAME)";
			};
			name = Debug;
		};
		1C8D380A1A4F691E0074C3DE /* Release */ = {
			isa = XCBuildConfiguration;
			buildSettings = {
				ASSETCATALOG_COMPILER_APPICON_NAME = AppIcon;
				INFOPLIST_FILE = "Exemplo-tabela/Info.plist";
				LD_RUNPATH_SEARCH_PATHS = "$(inherited) @executable_path/Frameworks";
				PRODUCT_NAME = "$(TARGET_NAME)";
			};
			name = Release;
		};
		1C8D380C1A4F691E0074C3DE /* Debug */ = {
			isa = XCBuildConfiguration;
			buildSettings = {
				BUNDLE_LOADER = "$(TEST_HOST)";
				FRAMEWORK_SEARCH_PATHS = (
					"$(SDKROOT)/Developer/Library/Frameworks",
					"$(inherited)",
				);
				GCC_PREPROCESSOR_DEFINITIONS = (
					"DEBUG=1",
					"$(inherited)",
				);
				INFOPLIST_FILE = "Exemplo-tabelaTests/Info.plist";
				LD_RUNPATH_SEARCH_PATHS = "$(inherited) @executable_path/Frameworks @loader_path/Frameworks";
				PRODUCT_NAME = "$(TARGET_NAME)";
				TEST_HOST = "$(BUILT_PRODUCTS_DIR)/Exemplo-tabela.app/Exemplo-tabela";
			};
			name = Debug;
		};
		1C8D380D1A4F691E0074C3DE /* Release */ = {
			isa = XCBuildConfiguration;
			buildSettings = {
				BUNDLE_LOADER = "$(TEST_HOST)";
				FRAMEWORK_SEARCH_PATHS = (
					"$(SDKROOT)/Developer/Library/Frameworks",
					"$(inherited)",
				);
				INFOPLIST_FILE = "Exemplo-tabelaTests/Info.plist";
				LD_RUNPATH_SEARCH_PATHS = "$(inherited) @executable_path/Frameworks @loader_path/Frameworks";
				PRODUCT_NAME = "$(TARGET_NAME)";
				TEST_HOST = "$(BUILT_PRODUCTS_DIR)/Exemplo-tabela.app/Exemplo-tabela";
			};
			name = Release;
		};
/* End XCBuildConfiguration section */

/* Begin XCConfigurationList section */
		1C8D37E41A4F691E0074C3DE /* Build configuration list for PBXProject "Exemplo-tabela" */ = {
			isa = XCConfigurationList;
			buildConfigurations = (
				1C8D38061A4F691E0074C3DE /* Debug */,
				1C8D38071A4F691E0074C3DE /* Release */,
			);
			defaultConfigurationIsVisible = 0;
			defaultConfigurationName = Release;
		};
		1C8D38081A4F691E0074C3DE /* Build configuration list for PBXNativeTarget "Exemplo-tabela" */ = {
			isa = XCConfigurationList;
			buildConfigurations = (
				1C8D38091A4F691E0074C3DE /* Debug */,
				1C8D380A1A4F691E0074C3DE /* Release */,
			);
			defaultConfigurationIsVisible = 0;
		};
		1C8D380B1A4F691E0074C3DE /* Build configuration list for PBXNativeTarget "Exemplo-tabelaTests" */ = {
			isa = XCConfigurationList;
			buildConfigurations = (
				1C8D380C1A4F691E0074C3DE /* Debug */,
				1C8D380D1A4F691E0074C3DE /* Release */,
			);
			defaultConfigurationIsVisible = 0;
		};
/* End XCConfigurationList section */
	};
	rootObject = 1C8D37E11A4F691E0074C3DE /* Project object */;
}
